
Microsoft Visual Studio Solution File, Format Version 12.00
# Visual Studio Version 17
VisualStudioVersion = 17.7.34202.233
MinimumVisualStudioVersion = 10.0.40219.1
Project("{FAE04EC0-301F-11D3-BF4B-00C04F79EFBC}") = "GameMasterSystem", "GameMasterSystem\GameMasterSystem.csproj", "{29BB7E1C-D485-4488-A377-672750D393F8}"
EndProject
Global
	GlobalSection(SolutionConfigurationPlatforms) = preSolution
		Debug|Any CPU = Debug|Any CPU
		Release|Any CPU = Release|Any CPU
	EndGlobalSection
	GlobalSection(ProjectConfigurationPlatforms) = postSolution
		{29BB7E1C-D485-4488-A377-672750D393F8}.Debug|Any CPU.ActiveCfg = Debug|Any CPU
		{29BB7E1C-D485-4488-A377-672750D393F8}.Debug|Any CPU.Build.0 = Debug|Any CPU
		{29BB7E1C-D485-4488-A377-672750D393F8}.Release|Any CPU.ActiveCfg = Release|Any CPU
		{29BB7E1C-D485-4488-A377-672750D393F8}.Release|Any CPU.Build.0 = Release|Any CPU
	EndGlobalSection
	GlobalSection(SolutionProperties) = preSolution
		HideSolutionNode = FALSE
	EndGlobalSection
	GlobalSection(ExtensibilityGlobals) = postSolution
		SolutionGuid = {09F301C8-6238-4A96-AB1C-FB39DF2DCE1F}
	EndGlobalSection
EndGlobal
